Microsoft Visual Studio Solution File, Format Version 12.00
# Visual Studio Version 17
VisualStudioVersion = 17.0.31903.59
MinimumVisualStudioVersion = 10.0.40219.1
Project("{FAE04EC0-301F-11D3-BF4B-00C04F79EFBC}") = "SocietalReputation", "SocietalReputation\SocietalReputation.csproj", "{7B058C7C-5485-4747-A1E2-010315B45D7C}"
EndProject
Global
	GlobalSection(SolutionConfigurationPlatforms) = preSolution
		Debug|Any CPU = Debug|Any CPU
		Release|Any CPU = Release|Any CPU
	EndGlobalSection
	GlobalSection(ProjectConfigurationPlatforms) = postSolution
		{7B058C7C-5485-4747-A1E2-010315B45D7C}.Debug|Any CPU.ActiveCfg = Debug|Any CPU
		{7B058C7C-5485-4747-A1E2-010315B45D7C}.Debug|Any CPU.Build.0 = Debug|Any CPU
		{7B058C7C-5485-4747-A1E2-010315B45D7C}.Release|Any CPU.ActiveCfg = Release|Any CPU
		{7B058C7C-5485-4747-A1E2-010315B45D7C}.Release|Any CPU.Build.0 = Release|Any CPU
	EndGlobalSection
	GlobalSection(SolutionProperties) = preSolution
		HideSolutionNode = FALSE
	EndGlobalSection
EndGlobal
